
Microsoft Visual Studio Solution File, Format Version 12.00
# Visual Studio Version 16
VisualStudioVersion = 16.0.30804.86
MinimumVisualStudioVersion = 10.0.40219.1
Project("{FAE04EC0-301F-11D3-BF4B-00C04F79EFBC}") = "CustomerDemoMan", "CustomerDemoMan\CustomerDemoMan.csproj", "{E7D69F9D-3B90-4E2F-A6B2-8AA784B75498}"
EndProject
Global
	GlobalSection(SolutionConfigurationPlatforms) = preSolution
		Debug|Any CPU = Debug|Any CPU
		Release|Any CPU = Release|Any CPU
	EndGlobalSection
	GlobalSection(ProjectConfigurationPlatforms) = postSolution
		{E7D69F9D-3B90-4E2F-A6B2-8AA784B75498}.Debug|Any CPU.ActiveCfg = Debug|Any CPU
		{E7D69F9D-3B90-4E2F-A6B2-8AA784B75498}.Debug|Any CPU.Build.0 = Debug|Any CPU
		{E7D69F9D-3B90-4E2F-A6B2-8AA784B75498}.Release|Any CPU.ActiveCfg = Release|Any CPU
		{E7D69F9D-3B90-4E2F-A6B2-8AA784B75498}.Release|Any CPU.Build.0 = Release|Any CPU
	EndGlobalSection
	GlobalSection(SolutionProperties) = preSolution
		HideSolutionNode = FALSE
	EndGlobalSection
	GlobalSection(ExtensibilityGlobals) = postSolution
		SolutionGuid = {FA8554D9-C16D-4B40-A554-7AA61C72824A}
	EndGlobalSection
EndGlobal
